
Microsoft Visual Studio Solution File, Format Version 12.00
# Visual Studio Version 16
VisualStudioVersion = 16.0.30907.101
MinimumVisualStudioVersion = 10.0.40219.1
Project("{FAE04EC0-301F-11D3-BF4B-00C04F79EFBC}") = "Whirlpool", "Whirlpool\Whirlpool.csproj", "{E836F3C1-65DD-4923-B97A-991A33542D27}"
EndProject
Global
	GlobalSection(SolutionConfigurationPlatforms) = preSolution
		Debug|Any CPU = Debug|Any CPU
		Release|Any CPU = Release|Any CPU
	EndGlobalSection
	GlobalSection(ProjectConfigurationPlatforms) = postSolution
		{E836F3C1-65DD-4923-B97A-991A33542D27}.Debug|Any CPU.ActiveCfg = Debug|Any CPU
		{E836F3C1-65DD-4923-B97A-991A33542D27}.Debug|Any CPU.Build.0 = Debug|Any CPU
		{E836F3C1-65DD-4923-B97A-991A33542D27}.Release|Any CPU.ActiveCfg = Release|Any CPU
		{E836F3C1-65DD-4923-B97A-991A33542D27}.Release|Any CPU.Build.0 = Release|Any CPU
	EndGlobalSection
	GlobalSection(SolutionProperties) = preSolution
		HideSolutionNode = FALSE
	EndGlobalSection
	GlobalSection(ExtensibilityGlobals) = postSolution
		SolutionGuid = {32956F84-E0A1-4996-A547-2668FA82C38F}
	EndGlobalSection
EndGlobal
